
Microsoft Visual Studio Solution File, Format Version 12.00
# Visual Studio 2015
Project("{FAE04EC0-301F-11D3-BF4B-00C04F79EFBC}") = "Test_SteamController.CSharp", "Test_SteamController.CSharp.csproj", "{031F0737-51B4-8793-B2E3-C6CC200BC578}"
EndProject
Project("{FAE04EC0-301F-11D3-BF4B-00C04F79EFBC}") = "Test_SteamController.CSharp.Editor", "Test_SteamController.CSharp.Editor.csproj", "{3E0840F1-38FF-A351-D054-E39EF7194A15}"
EndProject
Global
	GlobalSection(SolutionConfigurationPlatforms) = preSolution
		Debug|Any CPU = Debug|Any CPU
		Release|Any CPU = Release|Any CPU
	EndGlobalSection
	GlobalSection(ProjectConfigurationPlatforms) = postSolution
		{031F0737-51B4-8793-B2E3-C6CC200BC578}.Debug|Any CPU.ActiveCfg = Debug|Any CPU
		{031F0737-51B4-8793-B2E3-C6CC200BC578}.Debug|Any CPU.Build.0 = Debug|Any CPU
		{031F0737-51B4-8793-B2E3-C6CC200BC578}.Release|Any CPU.ActiveCfg = Release|Any CPU
		{031F0737-51B4-8793-B2E3-C6CC200BC578}.Release|Any CPU.Build.0 = Release|Any CPU
		{3E0840F1-38FF-A351-D054-E39EF7194A15}.Debug|Any CPU.ActiveCfg = Debug|Any CPU
		{3E0840F1-38FF-A351-D054-E39EF7194A15}.Debug|Any CPU.Build.0 = Debug|Any CPU
		{3E0840F1-38FF-A351-D054-E39EF7194A15}.Release|Any CPU.ActiveCfg = Release|Any CPU
		{3E0840F1-38FF-A351-D054-E39EF7194A15}.Release|Any CPU.Build.0 = Release|Any CPU
	EndGlobalSection
	GlobalSection(SolutionProperties) = preSolution
		HideSolutionNode = FALSE
	EndGlobalSection
EndGlobal
